
Microsoft Visual Studio Solution File, Format Version 12.00
# Visual Studio Version 17
VisualStudioVersion = 17.9.34902.65
MinimumVisualStudioVersion = 10.0.40219.1
Project("{FAE04EC0-301F-11D3-BF4B-00C04F79EFBC}") = "rbxfpsplus II", "rbxfpsplus II\rbxfpsplus II.csproj", "{87FBD05B-1B18-46C5-8FD0-C91BA229EF92}"
EndProject
Global
	GlobalSection(SolutionConfigurationPlatforms) = preSolution
		Debug|Any CPU = Debug|Any CPU
		Release|Any CPU = Release|Any CPU
	EndGlobalSection
	GlobalSection(ProjectConfigurationPlatforms) = postSolution
		{87FBD05B-1B18-46C5-8FD0-C91BA229EF92}.Debug|Any CPU.ActiveCfg = Debug|Any CPU
		{87FBD05B-1B18-46C5-8FD0-C91BA229EF92}.Debug|Any CPU.Build.0 = Debug|Any CPU
		{87FBD05B-1B18-46C5-8FD0-C91BA229EF92}.Release|Any CPU.ActiveCfg = Release|Any CPU
		{87FBD05B-1B18-46C5-8FD0-C91BA229EF92}.Release|Any CPU.Build.0 = Release|Any CPU
	EndGlobalSection
	GlobalSection(SolutionProperties) = preSolution
		HideSolutionNode = FALSE
	EndGlobalSection
	GlobalSection(ExtensibilityGlobals) = postSolution
		SolutionGuid = {64B54B90-9B90-41A4-8B19-2EB50EBB36D5}
	EndGlobalSection
EndGlobal
